
Microsoft Visual Studio Solution File, Format Version 12.00
# Visual Studio 14
VisualStudioVersion = 14.0.25420.1
MinimumVisualStudioVersion = 10.0.40219.1
Project("{FAE04EC0-301F-11D3-BF4B-00C04F79EFBC}") = "JustBlog", "JustBlog\JustBlog.csproj", "{CEA64E90-994E-485A-9119-C97273CA2AA5}"
EndProject
Project("{FAE04EC0-301F-11D3-BF4B-00C04F79EFBC}") = "JustBlog.Tests", "JustBlog.Tests\JustBlog.Tests.csproj", "{C64041A7-CC2A-4E41-9F1D-7A685DB53B45}"
EndProject
Project("{FAE04EC0-301F-11D3-BF4B-00C04F79EFBC}") = "JustBlog.Core", "JustBlog.Core\JustBlog.Core.csproj", "{F7263059-8172-41D7-8562-D02D514A3561}"
EndProject
Global
	GlobalSection(SolutionConfigurationPlatforms) = preSolution
		Debug|Any CPU = Debug|Any CPU
		Release|Any CPU = Release|Any CPU
	EndGlobalSection
	GlobalSection(ProjectConfigurationPlatforms) = postSolution
		{CEA64E90-994E-485A-9119-C97273CA2AA5}.Debug|Any CPU.ActiveCfg = Debug|Any CPU
		{CEA64E90-994E-485A-9119-C97273CA2AA5}.Debug|Any CPU.Build.0 = Debug|Any CPU
		{CEA64E90-994E-485A-9119-C97273CA2AA5}.Release|Any CPU.ActiveCfg = Release|Any CPU
		{CEA64E90-994E-485A-9119-C97273CA2AA5}.Release|Any CPU.Build.0 = Release|Any CPU
		{C64041A7-CC2A-4E41-9F1D-7A685DB53B45}.Debug|Any CPU.ActiveCfg = Debug|Any CPU
		{C64041A7-CC2A-4E41-9F1D-7A685DB53B45}.Debug|Any CPU.Build.0 = Debug|Any CPU
		{C64041A7-CC2A-4E41-9F1D-7A685DB53B45}.Release|Any CPU.ActiveCfg = Release|Any CPU
		{C64041A7-CC2A-4E41-9F1D-7A685DB53B45}.Release|Any CPU.Build.0 = Release|Any CPU
		{F7263059-8172-41D7-8562-D02D514A3561}.Debug|Any CPU.ActiveCfg = Debug|Any CPU
		{F7263059-8172-41D7-8562-D02D514A3561}.Debug|Any CPU.Build.0 = Debug|Any CPU
		{F7263059-8172-41D7-8562-D02D514A3561}.Release|Any CPU.ActiveCfg = Release|Any CPU
		{F7263059-8172-41D7-8562-D02D514A3561}.Release|Any CPU.Build.0 = Release|Any CPU
	EndGlobalSection
	GlobalSection(SolutionProperties) = preSolution
		HideSolutionNode = FALSE
	EndGlobalSection
EndGlobal
